<Solution>
  <Folder Name="/Položky řešení/">
    <File Path="README.md" />
  </Folder>
  <Folder Name="/Samples/">
    <Project Path="Samples/BlazorSample/BlazorSample.Client/BlazorSample.Client.csproj" Id="63f73668-53ba-4a87-9c9e-3f534ce8dc9d" />
    <Project Path="Samples/BlazorSample/BlazorSample/BlazorSample.csproj" Id="35bbd690-5397-4402-98cc-b3ae1bf96328" />
    <Project Path="Samples/BlazorWasmSample/BlazorWasmSample.csproj" Id="6c284379-a7fd-41c6-8135-48dd0ccfd060" />
    <Project Path="Samples/RazorPagesSample/RazorPagesSample.csproj" />
  </Folder>
  <Folder Name="/Src/">
    <Project Path="Src/Reuniverse.Razor/Reuniverse.Razor.csproj" Id="acf7cbb6-b175-43e0-925a-93eabc013962" />
  </Folder>
  <Folder Name="/Templates/">
    <Project Path="Templates/Reuniverse.Templates.csproj" />
  </Folder>
  <Folder Name="/Templates/BlazorPhotinoHybrid/">
    <Project Path="Templates/BlazorPhotinoHybrid/MyBlazorPhotinoHybrid.BlazorWasm/MyBlazorPhotinoHybrid.BlazorWasm.csproj" Id="d407ead4-16e0-4ada-bcab-9c6a5cdf6873" />
    <Project Path="Templates/BlazorPhotinoHybrid/MyBlazorPhotinoHybrid.BlazorWebApp/MyBlazorPhotinoHybrid.BlazorWebApp.Client/MyBlazorPhotinoHybrid.BlazorWebApp.Client.csproj" Id="2e12a37d-ebdb-4fd7-80af-ea1b581ff318" />
    <Project Path="Templates/BlazorPhotinoHybrid/MyBlazorPhotinoHybrid.BlazorWebApp/MyBlazorPhotinoHybrid.BlazorWebApp/MyBlazorPhotinoHybrid.BlazorWebApp.csproj" Id="89909ebb-347d-4da4-a2d2-08a1a3e6d23b" />
    <Project Path="Templates/BlazorPhotinoHybrid/MyBlazorPhotinoHybrid.Photino/MyBlazorPhotinoHybrid.Photino.csproj" />
    <Project Path="Templates/BlazorPhotinoHybrid/MyBlazorPhotinoHybrid/MyBlazorPhotinoHybrid.csproj" />
  </Folder>
  <Folder Name="/Templates/DiscordBot/">
    <Project Path="Templates/DiscordBot/MyDiscordBot/MyDiscordBot.csproj" />
  </Folder>
  <Folder Name="/Templates/GenericHost/">
    <Project Path="Templates/GenericHost/MyGenericHost/MyGenericHost.csproj" />
  </Folder>
  <Folder Name="/Templates/WebApi/">
    <Project Path="Templates/WebApi/MyWebApi/MyWebApi.csproj" />
  </Folder>
</Solution>
