<Solution>
  <Folder Name="/Položky řešení/">
    <File Path="README.md" />
  </Folder>
  <Folder Name="/Samples/">
    <Project Path="Samples/BlazorSample/BlazorSample.Client/BlazorSample.Client.csproj" Id="63f73668-53ba-4a87-9c9e-3f534ce8dc9d" />
    <Project Path="Samples/BlazorSample/BlazorSample/BlazorSample.csproj" Id="35bbd690-5397-4402-98cc-b3ae1bf96328" />
    <Project Path="Samples/RazorPagesSample/RazorPagesSample.csproj" />
  </Folder>
  <Folder Name="/Src/">
    <Project Path="Src/Reuniverse.Razor/Reuniverse.Razor.csproj" Id="acf7cbb6-b175-43e0-925a-93eabc013962" />
  </Folder>
  <Folder Name="/Templates/" />
  <Folder Name="/Templates/DiscordBot/">
    <Project Path="Templates/DiscordBot/MyDiscordBot/MyDiscordBot.csproj" />
  </Folder>
  <Folder Name="/Templates/GenericHost/">
    <Project Path="Templates/GenericHost/MyGenericHost/MyGenericHost.csproj" />
  </Folder>
  <Folder Name="/Templates/WebApi/">
    <Project Path="Templates/WebApi/MyWebApi/MyWebApi.csproj" />
  </Folder>
</Solution>
